{
  "name": "tarima-browser-sync",
  "version": "0.5.2",
  "lockfileVersion": 1,
  "requires": true,
  "dependencies": {
    "ansi-to-html": {
      "version": "0.6.3",
      "resolved": "https://registry.npmjs.org/ansi-to-html/-/ansi-to-html-0.6.3.tgz",
      "integrity": "sha512-EAhxLited8575DW57wt0csRYUrwjpNErgOPc5KJIyY7YD41AuqBy9CAuWyuQYLPUUtmoPzHYxgFKGPniKpgEig==",
      "requires": {
        "entities": "1.1.1"
      }
    },
    "entities": {
      "version": "1.1.1",
      "resolved": "https://registry.npmjs.org/entities/-/entities-1.1.1.tgz",
      "integrity": "sha1-blwtClYhtdra7O+AuQ7ftc13cvA="
    }
  }
}
